
Microsoft Visual Studio Solution File, Format Version 12.00
# Visual Studio Version 16
VisualStudioVersion = 16.0.29806.167
MinimumVisualStudioVersion = 10.0.40219.1
Project("{FAE04EC0-301F-11D3-BF4B-00C04F79EFBC}") = "TicTacToe", "TicTacToe\TicTacToe.csproj", "{7D533B9E-7ED9-4028-9727-8712F65599CA}"
EndProject
Global
	GlobalSection(SolutionConfigurationPlatforms) = preSolution
		Debug|Any CPU = Debug|Any CPU
		Release|Any CPU = Release|Any CPU
	EndGlobalSection
	GlobalSection(ProjectConfigurationPlatforms) = postSolution
		{7D533B9E-7ED9-4028-9727-8712F65599CA}.Debug|Any CPU.ActiveCfg = Debug|Any CPU
		{7D533B9E-7ED9-4028-9727-8712F65599CA}.Debug|Any CPU.Build.0 = Debug|Any CPU
		{7D533B9E-7ED9-4028-9727-8712F65599CA}.Release|Any CPU.ActiveCfg = Release|Any CPU
		{7D533B9E-7ED9-4028-9727-8712F65599CA}.Release|Any CPU.Build.0 = Release|Any CPU
	EndGlobalSection
	GlobalSection(SolutionProperties) = preSolution
		HideSolutionNode = FALSE
	EndGlobalSection
	GlobalSection(ExtensibilityGlobals) = postSolution
		SolutionGuid = {1A511052-8DD3-4A83-AF82-DE2AB266E6D9}
	EndGlobalSection
EndGlobal
